// !$*UTF8*$!
{
	archiveVersion = 1;
	classes = {
	};
	objectVersion = 77;
	objects = {

/* Begin PBXBuildFile section */
		02F250959D0159DD91F4D444 /* RemoteAuth.swift in Sources */ = {isa = PBXBuildFile; fileRef = E801807EC7ADED5CBAD1A1E6 /* RemoteAuth.swift */; };
		0594926EA5EEF2EDAE40119D /* EmojiShortcodes.swift in Sources */ = {isa = PBXBuildFile; fileRef = 0F6B10B0665AD1C98CB8D668 /* EmojiShortcodes.swift */; };
		06BD4FE7E6C8CD4D32545BAF /* AppModel.swift in Sources */ = {isa = PBXBuildFile; fileRef = 7B1A12C0B216EECD48984898 /* AppModel.swift */; };
		1795B2A8ACC7C6F8B508D11F /* CDN.swift in Sources */ = {isa = PBXBuildFile; fileRef = F6FC059EA79AAFEA4807B1C5 /* CDN.swift */; };
		18EAD160EA0FE31B70026DC4 /* AppearanceView.swift in Sources */ = {isa = PBXBuildFile; fileRef = D7EF13D3C748F1AD44695365 /* AppearanceView.swift */; };
		288AD3544D3223A7C706D39C /* NotificationSettingsView.swift in Sources */ = {isa = PBXBuildFile; fileRef = 417ECB7E264A2E79B659C8B5 /* NotificationSettingsView.swift */; };
		2C8B1B69B0F3B132289AAB77 /* User.swift in Sources */ = {isa = PBXBuildFile; fileRef = 3806CAD70E5012E0E811C4BF /* User.swift */; };
		2EA0941DE1E94968A9DDE927 /* NitrousApp.swift in Sources */ = {isa = PBXBuildFile; fileRef = 452755DB86C2F2237418493E /* NitrousApp.swift */; };
		3197EB665E808EC4F8C104A5 /* SettingsView.swift in Sources */ = {isa = PBXBuildFile; fileRef = CB532AF1549391B825E66C9C /* SettingsView.swift */; };
		3967F62080FB310FE3348773 /* Snowflake.swift in Sources */ = {isa = PBXBuildFile; fileRef = 063C74C6E78C6AE52985530F /* Snowflake.swift */; };
		435EAD8EC14A4E611B96EF53 /* LossyDecoding.swift in Sources */ = {isa = PBXBuildFile; fileRef = C7E6D8E6387916A8D99E64A2 /* LossyDecoding.swift */; };
		5671F217F33D06C664A03DA6 /* ChatBubble.swift in Sources */ = {isa = PBXBuildFile; fileRef = 27061855E64AD4B58E311D61 /* ChatBubble.swift */; };
		65C0CD6F558679BB81B93B23 /* NewMessageView.swift in Sources */ = {isa = PBXBuildFile; fileRef = B645687E85CE2115F3254BB1 /* NewMessageView.swift */; };
		6DE6CF085011A2E30991B108 /* Theme.swift in Sources */ = {isa = PBXBuildFile; fileRef = 09E173EFD4F67CC88FFE7AB2 /* Theme.swift */; };
		776B106AD465DC8E647E6E62 /* GIFImage.swift in Sources */ = {isa = PBXBuildFile; fileRef = CE8BA3A24DE3162F016460C5 /* GIFImage.swift */; };
		88237C67E4C679CA543456C5 /* Channel.swift in Sources */ = {isa = PBXBuildFile; fileRef = AF730BB886EF4167EA2DBC41 /* Channel.swift */; };
		8CFDB41E614E1BD3AE0711BD /* BackgroundPickerView.swift in Sources */ = {isa = PBXBuildFile; fileRef = E6689EBC2237411AEE3AE72A /* BackgroundPickerView.swift */; };
		9057799D572EDC80B12D7961 /* GIFStore.swift in Sources */ = {isa = PBXBuildFile; fileRef = 3AEB4DB52CF662E7947E5A55 /* GIFStore.swift */; };
		91700C50AB7AD021FE3E8E14 /* DiscordGateway.swift in Sources */ = {isa = PBXBuildFile; fileRef = 5170611EF61400A036DC36D5 /* DiscordGateway.swift */; };
		93F1A40003371980831290C3 /* GIFPickerView.swift in Sources */ = {isa = PBXBuildFile; fileRef = 0FD11EF127A1B503B6D57D44 /* GIFPickerView.swift */; };
		976C073B3D02C115F85851EE /* FlowLayout.swift in Sources */ = {isa = PBXBuildFile; fileRef = B077CDF018B2F026276F1ED4 /* FlowLayout.swift */; };
		A2A23539E389A5145A28F478 /* Message.swift in Sources */ = {isa = PBXBuildFile; fileRef = B6DB8A2623A7F61FC7534907 /* Message.swift */; };
		A2D65D071218AA273F43A016 /* GuildOrder.swift in Sources */ = {isa = PBXBuildFile; fileRef = BF56E8B221EEB7B27D2E770C /* GuildOrder.swift */; };
		A63957B780CA4F8242E96BAD /* DiscordREST.swift in Sources */ = {isa = PBXBuildFile; fileRef = C492FC2CBDDBE4D725416991 /* DiscordREST.swift */; };
		A649987DF7C9F40085EA2D1C /* EmbedCard.swift in Sources */ = {isa = PBXBuildFile; fileRef = 916DEF50B97281BE95CC0AF5 /* EmbedCard.swift */; };
		B1CAC7FD011B48065DDFFA47 /* Assets.xcassets in Resources */ = {isa = PBXBuildFile; fileRef = 74C81DF55B314C8A3D4CF758 /* Assets.xcassets */; };
		B45E6A00972F43B03CAF5C00 /* LoginView.swift in Sources */ = {isa = PBXBuildFile; fileRef = 70E6D2BF32F91325A6A13699 /* LoginView.swift */; };
		B8A1145E31E4705B0979F5E5 /* NotificationCenterManager.swift in Sources */ = {isa = PBXBuildFile; fileRef = 619DD217FD64CF6BA23BD2F4 /* NotificationCenterManager.swift */; };
		B8FD2E0A857F9C62E9DC998C /* RootView.swift in Sources */ = {isa = PBXBuildFile; fileRef = DEC2F32546133A59948D4A7D /* RootView.swift */; };
		BCC742B869FCE6494C08A5CD /* QRLoginView.swift in Sources */ = {isa = PBXBuildFile; fileRef = 3EC5A1798AD239A8C98BA863 /* QRLoginView.swift */; };
		BD56A7A7285A99B9892F7405 /* BackgroundSessions.swift in Sources */ = {isa = PBXBuildFile; fileRef = E51F29F7D129525E56BD5B4F /* BackgroundSessions.swift */; };
		C67FCD0B753A1A2AB4D20202 /* MediaViewer.swift in Sources */ = {isa = PBXBuildFile; fileRef = DD5549975C48EAC289B0B544 /* MediaViewer.swift */; };
		C983792D5A9EB0FE76029D40 /* Keychain.swift in Sources */ = {isa = PBXBuildFile; fileRef = AD2CE7DD72A2C60DB057D7B7 /* Keychain.swift */; };
		CF5C77B8A85147D7D7583C97 /* MemberListView.swift in Sources */ = {isa = PBXBuildFile; fileRef = A16226B4272370E85C3E60CE /* MemberListView.swift */; };
		D109C8E2A505765F48FCC965 /* RichPresence.swift in Sources */ = {isa = PBXBuildFile; fileRef = 6676330EE4C8F1416A09CE65 /* RichPresence.swift */; };
		D1121D5C3DE52E4FD7DC2272 /* DiagnosticsView.swift in Sources */ = {isa = PBXBuildFile; fileRef = 39142D9404F173F96650543C /* DiagnosticsView.swift */; };
		D3747DBA6A4E3C635C2EC60C /* SidebarView.swift in Sources */ = {isa = PBXBuildFile; fileRef = 173F91E742D1EAA1F0E2E65C /* SidebarView.swift */; };
		D73368D8A0AFCF4A16495145 /* DiagnosticLog.swift in Sources */ = {isa = PBXBuildFile; fileRef = 150437C54735AE78FE57FA70 /* DiagnosticLog.swift */; };
		DA09F3F55A5F23796CEF895C /* AccountStore.swift in Sources */ = {isa = PBXBuildFile; fileRef = B31E906226F1F57DEAB5936C /* AccountStore.swift */; };
		DB5A472AEB189A9D80808ABE /* DemoData.swift in Sources */ = {isa = PBXBuildFile; fileRef = 432DA617AE16AE6095B0DB8A /* DemoData.swift */; };
		E34E7F04ABB25746B65EEB11 /* RecentActivityView.swift in Sources */ = {isa = PBXBuildFile; fileRef = 4CC452CEC876E70C8802D472 /* RecentActivityView.swift */; };
		E43C23B078F558AF6DB6584E /* GIFPayload.swift in Sources */ = {isa = PBXBuildFile; fileRef = 34FE4622444DB1E019A1DACF /* GIFPayload.swift */; };
		E5A037283A72C937A7888279 /* Glass.swift in Sources */ = {isa = PBXBuildFile; fileRef = CF3A0356D9B89591E8DA4753 /* Glass.swift */; };
		E778138CDEB81D637CA88BA6 /* ChatView.swift in Sources */ = {isa = PBXBuildFile; fileRef = A9678AFB4EC71621A4D3D022 /* ChatView.swift */; };
		EA5E547EE9B88D4826CAEB39 /* ChannelSearchView.swift in Sources */ = {isa = PBXBuildFile; fileRef = 270C00D6376CF707B3F5C35C /* ChannelSearchView.swift */; };
		EEEDE66DAC5A2B029F75CB39 /* Markdown.swift in Sources */ = {isa = PBXBuildFile; fileRef = 4E996C95115FF67C330B0D44 /* Markdown.swift */; };
		EF5AAA3176077514E34C541A /* Guild.swift in Sources */ = {isa = PBXBuildFile; fileRef = 053D706B3C9DE41F96C421C8 /* Guild.swift */; };
		F0A2E95E487D65F3939E9F92 /* RichPresenceIPC.swift in Sources */ = {isa = PBXBuildFile; fileRef = 90F6981BA43B4EB8A141B278 /* RichPresenceIPC.swift */; };
		F1619E09DFA745C94B70F43C /* AccountSwitcherView.swift in Sources */ = {isa = PBXBuildFile; fileRef = 774E9A11520A64C5A099874B /* AccountSwitcherView.swift */; };
		F1DB1B7162774D1C1A28AD30 /* Avatars.swift in Sources */ = {isa = PBXBuildFile; fileRef = 70B61747617A970BDDF8B827 /* Avatars.swift */; };
		F32EAFEAE22E602D56E92BA8 /* EmojiPickerView.swift in Sources */ = {isa = PBXBuildFile; fileRef = A39899C3CE7967A622581156 /* EmojiPickerView.swift */; };
		F4A971FBEF1449BE5085E143 /* Gateway.swift in Sources */ = {isa = PBXBuildFile; fileRef = 0AD74430A228A1AAC4644695 /* Gateway.swift */; };
/* End PBXBuildFile section */

/* Begin PBXFileReference section */
		053D706B3C9DE41F96C421C8 /* Guild.swift */ = {isa = PBXFileReference; lastKnownFileType = sourcecode.swift; path = Guild.swift; sourceTree = "<group>"; };
		063C74C6E78C6AE52985530F /* Snowflake.swift */ = {isa = PBXFileReference; lastKnownFileType = sourcecode.swift; path = Snowflake.swift; sourceTree = "<group>"; };
		09E173EFD4F67CC88FFE7AB2 /* Theme.swift */ = {isa = PBXFileReference; lastKnownFileType = sourcecode.swift; path = Theme.swift; sourceTree = "<group>"; };
		0AD74430A228A1AAC4644695 /* Gateway.swift */ = {isa = PBXFileReference; lastKnownFileType = sourcecode.swift; path = Gateway.swift; sourceTree = "<group>"; };
		0F6B10B0665AD1C98CB8D668 /* EmojiShortcodes.swift */ = {isa = PBXFileReference; lastKnownFileType = sourcecode.swift; path = EmojiShortcodes.swift; sourceTree = "<group>"; };
		0FD11EF127A1B503B6D57D44 /* GIFPickerView.swift */ = {isa = PBXFileReference; lastKnownFileType = sourcecode.swift; path = GIFPickerView.swift; sourceTree = "<group>"; };
		150437C54735AE78FE57FA70 /* DiagnosticLog.swift */ = {isa = PBXFileReference; lastKnownFileType = sourcecode.swift; path = DiagnosticLog.swift; sourceTree = "<group>"; };
		173F91E742D1EAA1F0E2E65C /* SidebarView.swift */ = {isa = PBXFileReference; lastKnownFileType = sourcecode.swift; path = SidebarView.swift; sourceTree = "<group>"; };
		27061855E64AD4B58E311D61 /* ChatBubble.swift */ = {isa = PBXFileReference; lastKnownFileType = sourcecode.swift; path = ChatBubble.swift; sourceTree = "<group>"; };
		270C00D6376CF707B3F5C35C /* ChannelSearchView.swift */ = {isa = PBXFileReference; lastKnownFileType = sourcecode.swift; path = ChannelSearchView.swift; sourceTree = "<group>"; };
		34FE4622444DB1E019A1DACF /* GIFPayload.swift */ = {isa = PBXFileReference; lastKnownFileType = sourcecode.swift; path = GIFPayload.swift; sourceTree = "<group>"; };
		3806CAD70E5012E0E811C4BF /* User.swift */ = {isa = PBXFileReference; lastKnownFileType = sourcecode.swift; path = User.swift; sourceTree = "<group>"; };
		39142D9404F173F96650543C /* DiagnosticsView.swift */ = {isa = PBXFileReference; lastKnownFileType = sourcecode.swift; path = DiagnosticsView.swift; sourceTree = "<group>"; };
		3AEB4DB52CF662E7947E5A55 /* GIFStore.swift */ = {isa = PBXFileReference; lastKnownFileType = sourcecode.swift; path = GIFStore.swift; sourceTree = "<group>"; };
		3EC5A1798AD239A8C98BA863 /* QRLoginView.swift */ = {isa = PBXFileReference; lastKnownFileType = sourcecode.swift; path = QRLoginView.swift; sourceTree = "<group>"; };
		417ECB7E264A2E79B659C8B5 /* NotificationSettingsView.swift */ = {isa = PBXFileReference; lastKnownFileType = sourcecode.swift; path = NotificationSettingsView.swift; sourceTree = "<group>"; };
		432DA617AE16AE6095B0DB8A /* DemoData.swift */ = {isa = PBXFileReference; lastKnownFileType = sourcecode.swift; path = DemoData.swift; sourceTree = "<group>"; };
		452755DB86C2F2237418493E /* NitrousApp.swift */ = {isa = PBXFileReference; lastKnownFileType = sourcecode.swift; path = NitrousApp.swift; sourceTree = "<group>"; };
		4CC452CEC876E70C8802D472 /* RecentActivityView.swift */ = {isa = PBXFileReference; lastKnownFileType = sourcecode.swift; path = RecentActivityView.swift; sourceTree = "<group>"; };
		4E6FB032EF025978269110CA /* Nitrous.app */ = {isa = PBXFileReference; explicitFileType = wrapper.application; includeInIndex = 0; path = Nitrous.app; sourceTree = BUILT_PRODUCTS_DIR; };
		4E996C95115FF67C330B0D44 /* Markdown.swift */ = {isa = PBXFileReference; lastKnownFileType = sourcecode.swift; path = Markdown.swift; sourceTree = "<group>"; };
		5170611EF61400A036DC36D5 /* DiscordGateway.swift */ = {isa = PBXFileReference; lastKnownFileType = sourcecode.swift; path = DiscordGateway.swift; sourceTree = "<group>"; };
		619DD217FD64CF6BA23BD2F4 /* NotificationCenterManager.swift */ = {isa = PBXFileReference; lastKnownFileType = sourcecode.swift; path = NotificationCenterManager.swift; sourceTree = "<group>"; };
		6676330EE4C8F1416A09CE65 /* RichPresence.swift */ = {isa = PBXFileReference; lastKnownFileType = sourcecode.swift; path = RichPresence.swift; sourceTree = "<group>"; };
		70B61747617A970BDDF8B827 /* Avatars.swift */ = {isa = PBXFileReference; lastKnownFileType = sourcecode.swift; path = Avatars.swift; sourceTree = "<group>"; };
		70E6D2BF32F91325A6A13699 /* LoginView.swift */ = {isa = PBXFileReference; lastKnownFileType = sourcecode.swift; path = LoginView.swift; sourceTree = "<group>"; };
		74C81DF55B314C8A3D4CF758 /* Assets.xcassets */ = {isa = PBXFileReference; lastKnownFileType = folder.assetcatalog; path = Assets.xcassets; sourceTree = "<group>"; };
		774E9A11520A64C5A099874B /* AccountSwitcherView.swift */ = {isa = PBXFileReference; lastKnownFileType = sourcecode.swift; path = AccountSwitcherView.swift; sourceTree = "<group>"; };
		7B1A12C0B216EECD48984898 /* AppModel.swift */ = {isa = PBXFileReference; lastKnownFileType = sourcecode.swift; path = AppModel.swift; sourceTree = "<group>"; };
		90F6981BA43B4EB8A141B278 /* RichPresenceIPC.swift */ = {isa = PBXFileReference; lastKnownFileType = sourcecode.swift; path = RichPresenceIPC.swift; sourceTree = "<group>"; };
		916DEF50B97281BE95CC0AF5 /* EmbedCard.swift */ = {isa = PBXFileReference; lastKnownFileType = sourcecode.swift; path = EmbedCard.swift; sourceTree = "<group>"; };
		A16226B4272370E85C3E60CE /* MemberListView.swift */ = {isa = PBXFileReference; lastKnownFileType = sourcecode.swift; path = MemberListView.swift; sourceTree = "<group>"; };
		A39899C3CE7967A622581156 /* EmojiPickerView.swift */ = {isa = PBXFileReference; lastKnownFileType = sourcecode.swift; path = EmojiPickerView.swift; sourceTree = "<group>"; };
		A9678AFB4EC71621A4D3D022 /* ChatView.swift */ = {isa = PBXFileReference; lastKnownFileType = sourcecode.swift; path = ChatView.swift; sourceTree = "<group>"; };
		AA799E1532990CE72AA6C41E /* Info.plist */ = {isa = PBXFileReference; lastKnownFileType = text.plist; path = Info.plist; sourceTree = "<group>"; };
		AD2CE7DD72A2C60DB057D7B7 /* Keychain.swift */ = {isa = PBXFileReference; lastKnownFileType = sourcecode.swift; path = Keychain.swift; sourceTree = "<group>"; };
		AF730BB886EF4167EA2DBC41 /* Channel.swift */ = {isa = PBXFileReference; lastKnownFileType = sourcecode.swift; path = Channel.swift; sourceTree = "<group>"; };
		B077CDF018B2F026276F1ED4 /* FlowLayout.swift */ = {isa = PBXFileReference; lastKnownFileType = sourcecode.swift; path = FlowLayout.swift; sourceTree = "<group>"; };
		B31E906226F1F57DEAB5936C /* AccountStore.swift */ = {isa = PBXFileReference; lastKnownFileType = sourcecode.swift; path = AccountStore.swift; sourceTree = "<group>"; };
		B645687E85CE2115F3254BB1 /* NewMessageView.swift */ = {isa = PBXFileReference; lastKnownFileType = sourcecode.swift; path = NewMessageView.swift; sourceTree = "<group>"; };
		B6DB8A2623A7F61FC7534907 /* Message.swift */ = {isa = PBXFileReference; lastKnownFileType = sourcecode.swift; path = Message.swift; sourceTree = "<group>"; };
		BF56E8B221EEB7B27D2E770C /* GuildOrder.swift */ = {isa = PBXFileReference; lastKnownFileType = sourcecode.swift; path = GuildOrder.swift; sourceTree = "<group>"; };
		C492FC2CBDDBE4D725416991 /* DiscordREST.swift */ = {isa = PBXFileReference; lastKnownFileType = sourcecode.swift; path = DiscordREST.swift; sourceTree = "<group>"; };
		C7E6D8E6387916A8D99E64A2 /* LossyDecoding.swift */ = {isa = PBXFileReference; lastKnownFileType = sourcecode.swift; path = LossyDecoding.swift; sourceTree = "<group>"; };
		CB532AF1549391B825E66C9C /* SettingsView.swift */ = {isa = PBXFileReference; lastKnownFileType = sourcecode.swift; path = SettingsView.swift; sourceTree = "<group>"; };
		CE8BA3A24DE3162F016460C5 /* GIFImage.swift */ = {isa = PBXFileReference; lastKnownFileType = sourcecode.swift; path = GIFImage.swift; sourceTree = "<group>"; };
		CF3A0356D9B89591E8DA4753 /* Glass.swift */ = {isa = PBXFileReference; lastKnownFileType = sourcecode.swift; path = Glass.swift; sourceTree = "<group>"; };
		D7EF13D3C748F1AD44695365 /* AppearanceView.swift */ = {isa = PBXFileReference; lastKnownFileType = sourcecode.swift; path = AppearanceView.swift; sourceTree = "<group>"; };
		DD5549975C48EAC289B0B544 /* MediaViewer.swift */ = {isa = PBXFileReference; lastKnownFileType = sourcecode.swift; path = MediaViewer.swift; sourceTree = "<group>"; };
		DEC2F32546133A59948D4A7D /* RootView.swift */ = {isa = PBXFileReference; lastKnownFileType = sourcecode.swift; path = RootView.swift; sourceTree = "<group>"; };
		E51F29F7D129525E56BD5B4F /* BackgroundSessions.swift */ = {isa = PBXFileReference; lastKnownFileType = sourcecode.swift; path = BackgroundSessions.swift; sourceTree = "<group>"; };
		E6689EBC2237411AEE3AE72A /* BackgroundPickerView.swift */ = {isa = PBXFileReference; lastKnownFileType = sourcecode.swift; path = BackgroundPickerView.swift; sourceTree = "<group>"; };
		E801807EC7ADED5CBAD1A1E6 /* RemoteAuth.swift */ = {isa = PBXFileReference; lastKnownFileType = sourcecode.swift; path = RemoteAuth.swift; sourceTree = "<group>"; };
		F6FC059EA79AAFEA4807B1C5 /* CDN.swift */ = {isa = PBXFileReference; lastKnownFileType = sourcecode.swift; path = CDN.swift; sourceTree = "<group>"; };
/* End PBXFileReference section */

/* Begin PBXGroup section */
		1458ABE96F5A855DA8BECAD1 /* Support */ = {
			isa = PBXGroup;
			children = (
				432DA617AE16AE6095B0DB8A /* DemoData.swift */,
				150437C54735AE78FE57FA70 /* DiagnosticLog.swift */,
				0F6B10B0665AD1C98CB8D668 /* EmojiShortcodes.swift */,
				619DD217FD64CF6BA23BD2F4 /* NotificationCenterManager.swift */,
			);
			path = Support;
			sourceTree = "<group>";
		};
		1BB455396CAE154512694EC2 /* UI */ = {
			isa = PBXGroup;
			children = (
				CF3A0356D9B89591E8DA4753 /* Glass.swift */,
				09E173EFD4F67CC88FFE7AB2 /* Theme.swift */,
				B68ABCD3009CD5F61F945603 /* Components */,
				6120FCD6CB9444EB7F382D7D /* Screens */,
			);
			path = UI;
			sourceTree = "<group>";
		};
		259BF2A85B9A61D6DB1E6BE4 /* Products */ = {
			isa = PBXGroup;
			children = (
				4E6FB032EF025978269110CA /* Nitrous.app */,
			);
			name = Products;
			sourceTree = "<group>";
		};
		2BE0BA0D4BEFC7CC2973899E /* App */ = {
			isa = PBXGroup;
			children = (
				452755DB86C2F2237418493E /* NitrousApp.swift */,
				DEC2F32546133A59948D4A7D /* RootView.swift */,
			);
			path = App;
			sourceTree = "<group>";
		};
		4153240E4ABA3F327CE09AE6 /* Models */ = {
			isa = PBXGroup;
			children = (
				AF730BB886EF4167EA2DBC41 /* Channel.swift */,
				0AD74430A228A1AAC4644695 /* Gateway.swift */,
				053D706B3C9DE41F96C421C8 /* Guild.swift */,
				BF56E8B221EEB7B27D2E770C /* GuildOrder.swift */,
				C7E6D8E6387916A8D99E64A2 /* LossyDecoding.swift */,
				B6DB8A2623A7F61FC7534907 /* Message.swift */,
				063C74C6E78C6AE52985530F /* Snowflake.swift */,
				3806CAD70E5012E0E811C4BF /* User.swift */,
			);
			path = Models;
			sourceTree = "<group>";
		};
		6120FCD6CB9444EB7F382D7D /* Screens */ = {
			isa = PBXGroup;
			children = (
				774E9A11520A64C5A099874B /* AccountSwitcherView.swift */,
				D7EF13D3C748F1AD44695365 /* AppearanceView.swift */,
				E6689EBC2237411AEE3AE72A /* BackgroundPickerView.swift */,
				A9678AFB4EC71621A4D3D022 /* ChatView.swift */,
				39142D9404F173F96650543C /* DiagnosticsView.swift */,
				0FD11EF127A1B503B6D57D44 /* GIFPickerView.swift */,
				70E6D2BF32F91325A6A13699 /* LoginView.swift */,
				A16226B4272370E85C3E60CE /* MemberListView.swift */,
				B645687E85CE2115F3254BB1 /* NewMessageView.swift */,
				417ECB7E264A2E79B659C8B5 /* NotificationSettingsView.swift */,
				3EC5A1798AD239A8C98BA863 /* QRLoginView.swift */,
				4CC452CEC876E70C8802D472 /* RecentActivityView.swift */,
				CB532AF1549391B825E66C9C /* SettingsView.swift */,
				173F91E742D1EAA1F0E2E65C /* SidebarView.swift */,
			);
			path = Screens;
			sourceTree = "<group>";
		};
		636452549B2376B13C645A04 /* Nitrous */ = {
			isa = PBXGroup;
			children = (
				74C81DF55B314C8A3D4CF758 /* Assets.xcassets */,
				AA799E1532990CE72AA6C41E /* Info.plist */,
				2BE0BA0D4BEFC7CC2973899E /* App */,
				82C885B14A2648934A99F9BF /* Auth */,
				4153240E4ABA3F327CE09AE6 /* Models */,
				A128F46A8659147BFE2AB97F /* Networking */,
				672E73A5B6F8E0B4323D9AAB /* Store */,
				1458ABE96F5A855DA8BECAD1 /* Support */,
				1BB455396CAE154512694EC2 /* UI */,
			);
			path = Nitrous;
			sourceTree = "<group>";
		};
		672E73A5B6F8E0B4323D9AAB /* Store */ = {
			isa = PBXGroup;
			children = (
				7B1A12C0B216EECD48984898 /* AppModel.swift */,
				E51F29F7D129525E56BD5B4F /* BackgroundSessions.swift */,
			);
			path = Store;
			sourceTree = "<group>";
		};
		82C885B14A2648934A99F9BF /* Auth */ = {
			isa = PBXGroup;
			children = (
				B31E906226F1F57DEAB5936C /* AccountStore.swift */,
				AD2CE7DD72A2C60DB057D7B7 /* Keychain.swift */,
				E801807EC7ADED5CBAD1A1E6 /* RemoteAuth.swift */,
			);
			path = Auth;
			sourceTree = "<group>";
		};
		A128F46A8659147BFE2AB97F /* Networking */ = {
			isa = PBXGroup;
			children = (
				F6FC059EA79AAFEA4807B1C5 /* CDN.swift */,
				5170611EF61400A036DC36D5 /* DiscordGateway.swift */,
				C492FC2CBDDBE4D725416991 /* DiscordREST.swift */,
				34FE4622444DB1E019A1DACF /* GIFPayload.swift */,
				3AEB4DB52CF662E7947E5A55 /* GIFStore.swift */,
				90F6981BA43B4EB8A141B278 /* RichPresenceIPC.swift */,
			);
			path = Networking;
			sourceTree = "<group>";
		};
		B68ABCD3009CD5F61F945603 /* Components */ = {
			isa = PBXGroup;
			children = (
				70B61747617A970BDDF8B827 /* Avatars.swift */,
				270C00D6376CF707B3F5C35C /* ChannelSearchView.swift */,
				27061855E64AD4B58E311D61 /* ChatBubble.swift */,
				916DEF50B97281BE95CC0AF5 /* EmbedCard.swift */,
				A39899C3CE7967A622581156 /* EmojiPickerView.swift */,
				B077CDF018B2F026276F1ED4 /* FlowLayout.swift */,
				CE8BA3A24DE3162F016460C5 /* GIFImage.swift */,
				4E996C95115FF67C330B0D44 /* Markdown.swift */,
				DD5549975C48EAC289B0B544 /* MediaViewer.swift */,
				6676330EE4C8F1416A09CE65 /* RichPresence.swift */,
			);
			path = Components;
			sourceTree = "<group>";
		};
		F79F1425CA7A1A27B99DDF23 = {
			isa = PBXGroup;
			children = (
				636452549B2376B13C645A04 /* Nitrous */,
				259BF2A85B9A61D6DB1E6BE4 /* Products */,
			);
			sourceTree = "<group>";
		};
/* End PBXGroup section */

/* Begin PBXNativeTarget section */
		1DAE8F6274687CFF6EC8F221 /* Nitrous */ = {
			isa = PBXNativeTarget;
			buildConfigurationList = F7DF830E849247B20B3E5E4F /* Build configuration list for PBXNativeTarget "Nitrous" */;
			buildPhases = (
				6325844BBE9EF9EA596E8426 /* Sources */,
				6E8896DD06F8DCBA62FCD495 /* Resources */,
			);
			buildRules = (
			);
			dependencies = (
			);
			name = Nitrous;
			packageProductDependencies = (
			);
			productName = Nitrous;
			productReference = 4E6FB032EF025978269110CA /* Nitrous.app */;
			productType = "com.apple.product-type.application";
		};
/* End PBXNativeTarget section */

/* Begin PBXProject section */
		A44E4A3D4CC79889991404F7 /* Project object */ = {
			isa = PBXProject;
			attributes = {
				BuildIndependentTargetsInParallel = YES;
				LastUpgradeCheck = 1430;
				TargetAttributes = {
					1DAE8F6274687CFF6EC8F221 = {
						DevelopmentTeam = "";
						ProvisioningStyle = Automatic;
					};
				};
			};
			buildConfigurationList = 7B5EE39081E35C89ADF7276F /* Build configuration list for PBXProject "Nitrous" */;
			developmentRegion = en;
			hasScannedForEncodings = 0;
			knownRegions = (
				Base,
				en,
			);
			mainGroup = F79F1425CA7A1A27B99DDF23;
			minimizedProjectReferenceProxies = 1;
			preferredProjectObjectVersion = 77;
			productRefGroup = 259BF2A85B9A61D6DB1E6BE4 /* Products */;
			projectDirPath = "";
			projectRoot = "";
			targets = (
				1DAE8F6274687CFF6EC8F221 /* Nitrous */,
			);
		};
/* End PBXProject section */

/* Begin PBXResourcesBuildPhase section */
		6E8896DD06F8DCBA62FCD495 /* Resources */ = {
			isa = PBXResourcesBuildPhase;
			buildActionMask = 2147483647;
			files = (
				B1CAC7FD011B48065DDFFA47 /* Assets.xcassets in Resources */,
			);
			runOnlyForDeploymentPostprocessing = 0;
		};
/* End PBXResourcesBuildPhase section */

/* Begin PBXSourcesBuildPhase section */
		6325844BBE9EF9EA596E8426 /* Sources */ = {
			isa = PBXSourcesBuildPhase;
			buildActionMask = 2147483647;
			files = (
				DA09F3F55A5F23796CEF895C /* AccountStore.swift in Sources */,
				F1619E09DFA745C94B70F43C /* AccountSwitcherView.swift in Sources */,
				06BD4FE7E6C8CD4D32545BAF /* AppModel.swift in Sources */,
				18EAD160EA0FE31B70026DC4 /* AppearanceView.swift in Sources */,
				F1DB1B7162774D1C1A28AD30 /* Avatars.swift in Sources */,
				8CFDB41E614E1BD3AE0711BD /* BackgroundPickerView.swift in Sources */,
				BD56A7A7285A99B9892F7405 /* BackgroundSessions.swift in Sources */,
				1795B2A8ACC7C6F8B508D11F /* CDN.swift in Sources */,
				88237C67E4C679CA543456C5 /* Channel.swift in Sources */,
				EA5E547EE9B88D4826CAEB39 /* ChannelSearchView.swift in Sources */,
				5671F217F33D06C664A03DA6 /* ChatBubble.swift in Sources */,
				E778138CDEB81D637CA88BA6 /* ChatView.swift in Sources */,
				DB5A472AEB189A9D80808ABE /* DemoData.swift in Sources */,
				D73368D8A0AFCF4A16495145 /* DiagnosticLog.swift in Sources */,
				D1121D5C3DE52E4FD7DC2272 /* DiagnosticsView.swift in Sources */,
				91700C50AB7AD021FE3E8E14 /* DiscordGateway.swift in Sources */,
				A63957B780CA4F8242E96BAD /* DiscordREST.swift in Sources */,
				A649987DF7C9F40085EA2D1C /* EmbedCard.swift in Sources */,
				F32EAFEAE22E602D56E92BA8 /* EmojiPickerView.swift in Sources */,
				0594926EA5EEF2EDAE40119D /* EmojiShortcodes.swift in Sources */,
				976C073B3D02C115F85851EE /* FlowLayout.swift in Sources */,
				776B106AD465DC8E647E6E62 /* GIFImage.swift in Sources */,
				E43C23B078F558AF6DB6584E /* GIFPayload.swift in Sources */,
				93F1A40003371980831290C3 /* GIFPickerView.swift in Sources */,
				9057799D572EDC80B12D7961 /* GIFStore.swift in Sources */,
				F4A971FBEF1449BE5085E143 /* Gateway.swift in Sources */,
				E5A037283A72C937A7888279 /* Glass.swift in Sources */,
				EF5AAA3176077514E34C541A /* Guild.swift in Sources */,
				A2D65D071218AA273F43A016 /* GuildOrder.swift in Sources */,
				C983792D5A9EB0FE76029D40 /* Keychain.swift in Sources */,
				B45E6A00972F43B03CAF5C00 /* LoginView.swift in Sources */,
				435EAD8EC14A4E611B96EF53 /* LossyDecoding.swift in Sources */,
				EEEDE66DAC5A2B029F75CB39 /* Markdown.swift in Sources */,
				C67FCD0B753A1A2AB4D20202 /* MediaViewer.swift in Sources */,
				CF5C77B8A85147D7D7583C97 /* MemberListView.swift in Sources */,
				A2A23539E389A5145A28F478 /* Message.swift in Sources */,
				65C0CD6F558679BB81B93B23 /* NewMessageView.swift in Sources */,
				2EA0941DE1E94968A9DDE927 /* NitrousApp.swift in Sources */,
				B8A1145E31E4705B0979F5E5 /* NotificationCenterManager.swift in Sources */,
				288AD3544D3223A7C706D39C /* NotificationSettingsView.swift in Sources */,
				BCC742B869FCE6494C08A5CD /* QRLoginView.swift in Sources */,
				E34E7F04ABB25746B65EEB11 /* RecentActivityView.swift in Sources */,
				02F250959D0159DD91F4D444 /* RemoteAuth.swift in Sources */,
				D109C8E2A505765F48FCC965 /* RichPresence.swift in Sources */,
				F0A2E95E487D65F3939E9F92 /* RichPresenceIPC.swift in Sources */,
				B8FD2E0A857F9C62E9DC998C /* RootView.swift in Sources */,
				3197EB665E808EC4F8C104A5 /* SettingsView.swift in Sources */,
				D3747DBA6A4E3C635C2EC60C /* SidebarView.swift in Sources */,
				3967F62080FB310FE3348773 /* Snowflake.swift in Sources */,
				6DE6CF085011A2E30991B108 /* Theme.swift in Sources */,
				2C8B1B69B0F3B132289AAB77 /* User.swift in Sources */,
			);
			runOnlyForDeploymentPostprocessing = 0;
		};
/* End PBXSourcesBuildPhase section */

/* Begin XCBuildConfiguration section */
		0215DCD1AFF92901BAB81E70 /* Release */ = {
			isa = XCBuildConfiguration;
			buildSettings = {
				ASSETCATALOG_COMPILER_APPICON_NAME = AppIcon;
				CODE_SIGN_STYLE = Automatic;
				COMBINE_HIDPI_IMAGES = YES;
				CURRENT_PROJECT_VERSION = 1;
				DEVELOPMENT_TEAM = "";
				GENERATE_INFOPLIST_FILE = NO;
				INFOPLIST_FILE = Nitrous/Info.plist;
				LD_RUNPATH_SEARCH_PATHS = (
					"$(inherited)",
					"@executable_path/../Frameworks",
				);
				MACOSX_DEPLOYMENT_TARGET = 14.0;
				MARKETING_VERSION = 0.1.0;
				PRODUCT_BUNDLE_IDENTIFIER = com.example.nitrous.mac;
				PRODUCT_NAME = Nitrous;
				SDKROOT = macosx;
				SKIP_INSTALL = NO;
				SWIFT_VERSION = 5.0;
			};
			name = Release;
		};
		177C94B925896D6E0CA4FFF5 /* Debug */ = {
			isa = XCBuildConfiguration;
			buildSettings = {
				ALWAYS_SEARCH_USER_PATHS = NO;
				CLANG_ANALYZER_NONNULL = YES;
				CLANG_ANALYZER_NUMBER_OBJECT_CONVERSION = YES_AGGRESSIVE;
				CLANG_CXX_LANGUAGE_STANDARD = "gnu++14";
				CLANG_CXX_LIBRARY = "libc++";
				CLANG_ENABLE_MODULES = YES;
				CLANG_ENABLE_OBJC_ARC = YES;
				CLANG_ENABLE_OBJC_WEAK = YES;
				CLANG_WARN_BLOCK_CAPTURE_AUTORELEASING = YES;
				CLANG_WARN_BOOL_CONVERSION = YES;
				CLANG_WARN_COMMA = YES;
				CLANG_WARN_CONSTANT_CONVERSION = YES;
				CLANG_WARN_DEPRECATED_OBJC_IMPLEMENTATIONS = YES;
				CLANG_WARN_DIRECT_OBJC_ISA_USAGE = YES_ERROR;
				CLANG_WARN_DOCUMENTATION_COMMENTS = YES;
				CLANG_WARN_EMPTY_BODY = YES;
				CLANG_WARN_ENUM_CONVERSION = YES;
				CLANG_WARN_INFINITE_RECURSION = YES;
				CLANG_WARN_INT_CONVERSION = YES;
				CLANG_WARN_NON_LITERAL_NULL_CONVERSION = YES;
				CLANG_WARN_OBJC_IMPLICIT_RETAIN_SELF = YES;
				CLANG_WARN_OBJC_LITERAL_CONVERSION = YES;
				CLANG_WARN_OBJC_ROOT_CLASS = YES_ERROR;
				CLANG_WARN_QUOTED_INCLUDE_IN_FRAMEWORK_HEADER = YES;
				CLANG_WARN_RANGE_LOOP_ANALYSIS = YES;
				CLANG_WARN_STRICT_PROTOTYPES = YES;
				CLANG_WARN_SUSPICIOUS_MOVE = YES;
				CLANG_WARN_UNGUARDED_AVAILABILITY = YES_AGGRESSIVE;
				CLANG_WARN_UNREACHABLE_CODE = YES;
				CLANG_WARN__DUPLICATE_METHOD_MATCH = YES;
				COPY_PHASE_STRIP = NO;
				DEBUG_INFORMATION_FORMAT = dwarf;
				ENABLE_STRICT_OBJC_MSGSEND = YES;
				ENABLE_TESTABILITY = YES;
				GCC_C_LANGUAGE_STANDARD = gnu11;
				GCC_DYNAMIC_NO_PIC = NO;
				GCC_NO_COMMON_BLOCKS = YES;
				GCC_OPTIMIZATION_LEVEL = 0;
				GCC_PREPROCESSOR_DEFINITIONS = (
					"$(inherited)",
					"DEBUG=1",
				);
				GCC_WARN_64_TO_32_BIT_CONVERSION = YES;
				GCC_WARN_ABOUT_RETURN_TYPE = YES_ERROR;
				GCC_WARN_UNDECLARED_SELECTOR = YES;
				GCC_WARN_UNINITIALIZED_AUTOS = YES_AGGRESSIVE;
				GCC_WARN_UNUSED_FUNCTION = YES;
				GCC_WARN_UNUSED_VARIABLE = YES;
				MTL_ENABLE_DEBUG_INFO = INCLUDE_SOURCE;
				MTL_FAST_MATH = YES;
				ONLY_ACTIVE_ARCH = YES;
				PRODUCT_NAME = "$(TARGET_NAME)";
				SDKROOT = macosx;
				SWIFT_ACTIVE_COMPILATION_CONDITIONS = DEBUG;
				SWIFT_OPTIMIZATION_LEVEL = "-Onone";
				SWIFT_VERSION = 5.0;
			};
			name = Debug;
		};
		1E12CCF9D6090C9C7CD5111B /* Debug */ = {
			isa = XCBuildConfiguration;
			buildSettings = {
				ASSETCATALOG_COMPILER_APPICON_NAME = AppIcon;
				CODE_SIGN_STYLE = Automatic;
				COMBINE_HIDPI_IMAGES = YES;
				CURRENT_PROJECT_VERSION = 1;
				DEVELOPMENT_TEAM = "";
				GENERATE_INFOPLIST_FILE = NO;
				INFOPLIST_FILE = Nitrous/Info.plist;
				LD_RUNPATH_SEARCH_PATHS = (
					"$(inherited)",
					"@executable_path/../Frameworks",
				);
				MACOSX_DEPLOYMENT_TARGET = 14.0;
				MARKETING_VERSION = 0.1.0;
				PRODUCT_BUNDLE_IDENTIFIER = com.example.nitrous.mac;
				PRODUCT_NAME = Nitrous;
				SDKROOT = macosx;
				SKIP_INSTALL = NO;
				SWIFT_VERSION = 5.0;
			};
			name = Debug;
		};
		CA1E7A0A41771F33BB1901D6 /* Release */ = {
			isa = XCBuildConfiguration;
			buildSettings = {
				ALWAYS_SEARCH_USER_PATHS = NO;
				CLANG_ANALYZER_NONNULL = YES;
				CLANG_ANALYZER_NUMBER_OBJECT_CONVERSION = YES_AGGRESSIVE;
				CLANG_CXX_LANGUAGE_STANDARD = "gnu++14";
				CLANG_CXX_LIBRARY = "libc++";
				CLANG_ENABLE_MODULES = YES;
				CLANG_ENABLE_OBJC_ARC = YES;
				CLANG_ENABLE_OBJC_WEAK = YES;
				CLANG_WARN_BLOCK_CAPTURE_AUTORELEASING = YES;
				CLANG_WARN_BOOL_CONVERSION = YES;
				CLANG_WARN_COMMA = YES;
				CLANG_WARN_CONSTANT_CONVERSION = YES;
				CLANG_WARN_DEPRECATED_OBJC_IMPLEMENTATIONS = YES;
				CLANG_WARN_DIRECT_OBJC_ISA_USAGE = YES_ERROR;
				CLANG_WARN_DOCUMENTATION_COMMENTS = YES;
				CLANG_WARN_EMPTY_BODY = YES;
				CLANG_WARN_ENUM_CONVERSION = YES;
				CLANG_WARN_INFINITE_RECURSION = YES;
				CLANG_WARN_INT_CONVERSION = YES;
				CLANG_WARN_NON_LITERAL_NULL_CONVERSION = YES;
				CLANG_WARN_OBJC_IMPLICIT_RETAIN_SELF = YES;
				CLANG_WARN_OBJC_LITERAL_CONVERSION = YES;
				CLANG_WARN_OBJC_ROOT_CLASS = YES_ERROR;
				CLANG_WARN_QUOTED_INCLUDE_IN_FRAMEWORK_HEADER = YES;
				CLANG_WARN_RANGE_LOOP_ANALYSIS = YES;
				CLANG_WARN_STRICT_PROTOTYPES = YES;
				CLANG_WARN_SUSPICIOUS_MOVE = YES;
				CLANG_WARN_UNGUARDED_AVAILABILITY = YES_AGGRESSIVE;
				CLANG_WARN_UNREACHABLE_CODE = YES;
				CLANG_WARN__DUPLICATE_METHOD_MATCH = YES;
				COPY_PHASE_STRIP = NO;
				DEBUG_INFORMATION_FORMAT = "dwarf-with-dsym";
				ENABLE_NS_ASSERTIONS = NO;
				ENABLE_STRICT_OBJC_MSGSEND = YES;
				GCC_C_LANGUAGE_STANDARD = gnu11;
				GCC_NO_COMMON_BLOCKS = YES;
				GCC_WARN_64_TO_32_BIT_CONVERSION = YES;
				GCC_WARN_ABOUT_RETURN_TYPE = YES_ERROR;
				GCC_WARN_UNDECLARED_SELECTOR = YES;
				GCC_WARN_UNINITIALIZED_AUTOS = YES_AGGRESSIVE;
				GCC_WARN_UNUSED_FUNCTION = YES;
				GCC_WARN_UNUSED_VARIABLE = YES;
				MTL_ENABLE_DEBUG_INFO = NO;
				MTL_FAST_MATH = YES;
				PRODUCT_NAME = "$(TARGET_NAME)";
				SDKROOT = macosx;
				SWIFT_COMPILATION_MODE = wholemodule;
				SWIFT_OPTIMIZATION_LEVEL = "-O";
				SWIFT_VERSION = 5.0;
			};
			name = Release;
		};
/* End XCBuildConfiguration section */

/* Begin XCConfigurationList section */
		7B5EE39081E35C89ADF7276F /* Build configuration list for PBXProject "Nitrous" */ = {
			isa = XCConfigurationList;
			buildConfigurations = (
				177C94B925896D6E0CA4FFF5 /* Debug */,
				CA1E7A0A41771F33BB1901D6 /* Release */,
			);
			defaultConfigurationIsVisible = 0;
			defaultConfigurationName = Debug;
		};
		F7DF830E849247B20B3E5E4F /* Build configuration list for PBXNativeTarget "Nitrous" */ = {
			isa = XCConfigurationList;
			buildConfigurations = (
				1E12CCF9D6090C9C7CD5111B /* Debug */,
				0215DCD1AFF92901BAB81E70 /* Release */,
			);
			defaultConfigurationIsVisible = 0;
			defaultConfigurationName = Debug;
		};
/* End XCConfigurationList section */
	};
	rootObject = A44E4A3D4CC79889991404F7 /* Project object */;
}
